version = 1
revision = 3
requires-python = "==3.11.*"
resolution-markers = [
    "platform_machine == 'x86_64' and sys_platform == 'darwin'",
    "platform_machine == 'x86_64' and sys_platform == 'linux'",
]
supported-markers = [
    "platform_machine == 'x86_64' and sys_platform == 'darwin'",
    "platform_machine == 'x86_64' and sys_platform == 'linux'",
]

[[package]]
name = "coloredlogs"
version = "15.0.1"
source = { registry = "https://pypi.org/simple" }
dependencies = [
    { name = "humanfriendly", marker = "(platform_machine == 'x86_64' and sys_platform == 'darwin') or (platform_machine == 'x86_64' and sys_platform == 'linux')" },
]
sdist = { url = "https://files.pythonhosted.org/packages/cc/c7/eed8f27100517e8c0e6b923d5f0845d0cb99763da6fdee00478f91db7325/coloredlogs-15.0.1.tar.gz", hash = "sha256:7c991aa71a4577af2f82600d8f8f3a89f936baeaf9b50a9c197da014e5bf16b0", size = 278520, upload-time = "2021-06-11T10:22:45.202Z" }
wheels = [
    { url = "https://files.pythonhosted.org/packages/a7/06/3d6badcf13db419e25b07041d9c7b4a2c331d3f4e7134445ec5df57714cd/coloredlogs-15.0.1-py2.py3-none-any.whl", hash = "sha256:612ee75c546f53e92e70049c9dbfcc18c935a2b9a53b66085ce9ef6a6e5c0934", size = 46018, upload-time = "2021-06-11T10:22:42.561Z" },
]

[[package]]
name = "flatbuffers"
version = "25.12.19"
source = { registry = "https://pypi.org/simple" }
wheels = [
    { url = "https://files.pythonhosted.org/packages/e8/2d/d2a548598be01649e2d46231d151a6c56d10b964d94043a335ae56ea2d92/flatbuffers-25.12.19-py2.py3-none-any.whl", hash = "sha256:7634f50c427838bb021c2d66a3d1168e9d199b0607e6329399f04846d42e20b4", size = 26661, upload-time = "2025-12-19T23:16:13.622Z" },
]

[[package]]
name = "humanfriendly"
version = "10.0"
source = { registry = "https://pypi.org/simple" }
sdist = { url = "https://files.pythonhosted.org/packages/cc/3f/2c29224acb2e2df4d2046e4c73ee2662023c58ff5b113c4c1adac0886c43/humanfriendly-10.0.tar.gz", hash = "sha256:6b0b831ce8f15f7300721aa49829fc4e83921a9a301cc7f606be6686a2288ddc", size = 360702, upload-time = "2021-09-17T21:40:43.31Z" }
wheels = [
    { url = "https://files.pythonhosted.org/packages/f0/0f/310fb31e39e2d734ccaa2c0fb981ee41f7bd5056ce9bc29b2248bd569169/humanfriendly-10.0-py2.py3-none-any.whl", hash = "sha256:1697e1a8a8f550fd43c2865cd84542fc175a61dcb779b6fee18cf6b6ccba1477", size = 86794, upload-time = "2021-09-17T21:40:39.897Z" },
]

[[package]]
name = "iniconfig"
version = "2.3.0"
source = { registry = "https://pypi.org/simple" }
sdist = { url = "https://files.pythonhosted.org/packages/72/34/14ca021ce8e5dfedc35312d08ba8bf51fdd999c576889fc2c24cb97f4f10/iniconfig-2.3.0.tar.gz", hash = "sha256:c76315c77db068650d49c5b56314774a7804df16fee4402c1f19d6d15d8c4730", size = 20503, upload-time = "2025-10-18T21:55:43.219Z" }
wheels = [
    { url = "https://files.pythonhosted.org/packages/cb/b1/3846dd7f199d53cb17f49cba7e651e9ce294d8497c8c150530ed11865bb8/iniconfig-2.3.0-py3-none-any.whl", hash = "sha256:f631c04d2c48c52b84d0d0549c99ff3859c98df65b3101406327ecc7d53fbf12", size = 7484, upload-time = "2025-10-18T21:55:41.639Z" },
]

[[package]]
name = "mpmath"
version = "1.3.0"
source = { registry = "https://pypi.org/simple" }
sdist = { url = "https://files.pythonhosted.org/packages/e0/47/dd32fa426cc72114383ac549964eecb20ecfd886d1e5ccf5340b55b02f57/mpmath-1.3.0.tar.gz", hash = "sha256:7a28eb2a9774d00c7bc92411c19a89209d5da7c4c9a9e227be8330a23a25b91f", size = 508106, upload-time = "2023-03-07T16:47:11.061Z" }
wheels = [
    { url = "https://files.pythonhosted.org/packages/43/e3/7d92a15f894aa0c9c4b49b8ee9ac9850d6e63b03c9c32c0367a13ae62209/mpmath-1.3.0-py3-none-any.whl", hash = "sha256:a0b2b9fe80bbcd81a6647ff13108738cfb482d481d826cc0e02f5b35e5c88d2c", size = 536198, upload-time = "2023-03-07T16:47:09.197Z" },
]

[[package]]
name = "numpy"
version = "2.3.5"
source = { registry = "https://pypi.org/simple" }
sdist = { url = "https://files.pythonhosted.org/packages/76/65/21b3bc86aac7b8f2862db1e808f1ea22b028e30a225a34a5ede9bf8678f2/numpy-2.3.5.tar.gz", hash = "sha256:784db1dcdab56bf0517743e746dfb0f885fc68d948aba86eeec2cba234bdf1c0", size = 20584950, upload-time = "2025-11-16T22:52:42.067Z" }
wheels = [
    { url = "https://files.pythonhosted.org/packages/43/77/84dd1d2e34d7e2792a236ba180b5e8fcc1e3e414e761ce0253f63d7f572e/numpy-2.3.5-cp311-cp311-macosx_10_9_x86_64.whl", hash = "sha256:de5672f4a7b200c15a4127042170a694d4df43c992948f5e1af57f0174beed10", size = 17034641, upload-time = "2025-11-16T22:49:19.336Z" },
    { url = "https://files.pythonhosted.org/packages/5c/bb/35ef04afd567f4c989c2060cde39211e4ac5357155c1833bcd1166055c61/numpy-2.3.5-cp311-cp311-macosx_14_0_x86_64.whl", hash = "sha256:872a5cf366aec6bb1147336480fef14c9164b154aeb6542327de4970282cd2f5", size = 6893148, upload-time = "2025-11-16T22:49:27.549Z" },
    { url = "https://files.pythonhosted.org/packages/65/fb/2b23769462b34398d9326081fad5655198fcf18966fcb1f1e49db44fbf31/numpy-2.3.5-cp311-cp311-manylinux_2_27_x86_64.manylinux_2_28_x86_64.whl", hash = "sha256:8cba086a43d54ca804ce711b2a940b16e452807acebe7852ff327f1ecd49b0d4", size = 16897903, upload-time = "2025-11-16T22:49:34.191Z" },
    { url = "https://files.pythonhosted.org/packages/6f/3b/1f73994904142b2aa290449b3bb99772477b5fd94d787093e4f24f5af763/numpy-2.3.5-cp311-cp311-musllinux_1_2_x86_64.whl", hash = "sha256:396084a36abdb603546b119d96528c2f6263921c50df3c8fd7cb28873a237748", size = 18838896, upload-time = "2025-11-16T22:49:39.727Z" },
    { url = "https://files.pythonhosted.org/packages/c6/65/f9dea8e109371ade9c782b4e4756a82edf9d3366bca495d84d79859a0b79/numpy-2.3.5-pp311-pypy311_pp73-macosx_10_15_x86_64.whl", hash = "sha256:f0963b55cdd70fad460fa4c1341f12f976bb26cb66021a5580329bd498988310", size = 16910689, upload-time = "2025-11-16T22:52:23.247Z" },
    { url = "https://files.pythonhosted.org/packages/a3/2f/37eeb9014d9c8b3e9c55bc599c68263ca44fdbc12a93e45a21d1d56df737/numpy-2.3.5-pp311-pypy311_pp73-macosx_14_0_x86_64.whl", hash = "sha256:2feae0d2c91d46e59fcd62784a3a83b3fb677fead592ce51b5a6fbb4f95965ff", size = 6801770, upload-time = "2025-11-16T22:52:31.421Z" },
    { url = "https://files.pythonhosted.org/packages/b8/50/94ccd8a2b141cb50651fddd4f6a48874acb3c91c8f0842b08a6afc4b0b21/numpy-2.3.5-pp311-pypy311_pp73-manylinux_2_27_x86_64.manylinux_2_28_x86_64.whl", hash = "sha256:63c0e9e7eea69588479ebf4a8a270d5ac22763cc5854e9a7eae952a3908103f7", size = 16729263, upload-time = "2025-11-16T22:52:36.369Z" },
]

[[package]]
name = "onnxruntime"
version = "1.22.1"
source = { registry = "https://pypi.org/simple" }
dependencies = [
    { name = "coloredlogs", marker = "(platform_machine == 'x86_64' and sys_platform == 'darwin') or (platform_machine == 'x86_64' and sys_platform == 'linux')" },
    { name = "flatbuffers", marker = "(platform_machine == 'x86_64' and sys_platform == 'darwin') or (platform_machine == 'x86_64' and sys_platform == 'linux')" },
    { name = "numpy", marker = "(platform_machine == 'x86_64' and sys_platform == 'darwin') or (platform_machine == 'x86_64' and sys_platform == 'linux')" },
    { name = "packaging", marker = "(platform_machine == 'x86_64' and sys_platform == 'darwin') or (platform_machine == 'x86_64' and sys_platform == 'linux')" },
    { name = "protobuf", marker = "(platform_machine == 'x86_64' and sys_platform == 'darwin') or (platform_machine == 'x86_64' and sys_platform == 'linux')" },
    { name = "sympy", marker = "(platform_machine == 'x86_64' and sys_platform == 'darwin') or (platform_machine == 'x86_64' and sys_platform == 'linux')" },
]
wheels = [
    { url = "https://files.pythonhosted.org/packages/82/ff/4a1a6747e039ef29a8d4ee4510060e9a805982b6da906a3da2306b7a3be6/onnxruntime-1.22.1-cp311-cp311-macosx_13_0_universal2.whl", hash = "sha256:f4581bccb786da68725d8eac7c63a8f31a89116b8761ff8b4989dc58b61d49a0", size = 34324148, upload-time = "2025-07-10T19:15:26.584Z" },
    { url = "https://files.pythonhosted.org/packages/59/f3/c93eb4167d4f36ea947930f82850231f7ce0900cb00e1a53dc4995b60479/onnxruntime-1.22.1-cp311-cp311-manylinux_2_27_x86_64.manylinux_2_28_x86_64.whl", hash = "sha256:f6effa1299ac549a05c784d50292e3378dbbf010346ded67400193b09ddc2f04", size = 16460799, upload-time = "2025-07-10T19:15:33.005Z" },
]

[[package]]
name = "packaging"
version = "26.3"
source = { registry = "https://pypi.org/simple" }
sdist = { url = "https://files.pythonhosted.org/packages/7d/fa/3944b40b07da9ce895c0e6303a5ab7d53da063554f534556b134a54d6093/packaging-26.3.tar.gz", hash = "sha256:94edc256424af38762eb31306eed28beb9f0efc50a8837492c9d6fd6004aed79", size = 313412, upload-time = "2026-08-04T18:15:28.737Z" }
wheels = [
    { url = "https://files.pythonhosted.org/packages/63/34/ba1c580383c9eada3711951fef0795c80b829a078d72188184bcab9dd527/packaging-26.3-py3-none-any.whl", hash = "sha256:d7193f7c8e4e93f444fde0262bf90af30e16fa0ad0ad44cb553c87339b23cd1c", size = 129956, upload-time = "2026-08-04T18:15:27.159Z" },
]

[[package]]
name = "pillow"
version = "12.3.0"
source = { registry = "https://pypi.org/simple" }
sdist = { url = "https://files.pythonhosted.org/packages/1c/3d/bb7fca845737cf9d7dbde16ed1843984665ff2e0a518f5db43e77ec540b9/pillow-12.3.0.tar.gz", hash = "sha256:3b8182a766685eaa002637e28b4ec8d6b18819a0c71f579bf0dbaa5830297cce", size = 47025035, upload-time = "2026-07-01T11:56:38.965Z" }
wheels = [
    { url = "https://files.pythonhosted.org/packages/fb/c8/0a78b0e02d7ac54bc03e5321c9220da52f0c2ea83b21f7c40e7f3169c502/pillow-12.3.0-cp311-cp311-macosx_10_10_x86_64.whl", hash = "sha256:00808c5e14ef63ac5161091d242999076604ff74b883423a11e5d7bbb38bf756", size = 5392415, upload-time = "2026-07-01T11:53:47.162Z" },
    { url = "https://files.pythonhosted.org/packages/3b/2d/ede717bc1144f63886c21fd349bb95860b0d1a21149ff16f2bb362b612b6/pillow-12.3.0-cp311-cp311-manylinux_2_27_x86_64.manylinux_2_28_x86_64.whl", hash = "sha256:23d27a3e0307ec2244cc51e7287b919aa68d097504ebe19df4e76a98a3eea5bd", size = 6934408, upload-time = "2026-07-01T11:53:53.487Z" },
    { url = "https://files.pythonhosted.org/packages/ff/fa/dc2a5c0ba6df93f67c31d34b808b7ce440b40cdbf96f0b81cde1d1e6fa93/pillow-12.3.0-cp311-cp311-musllinux_1_2_x86_64.whl", hash = "sha256:236ff70b9312fb68943c703aa842ca6a758abfa45ac187a5e7c1452e96ef72b5", size = 7045172, upload-time = "2026-07-01T11:53:57.736Z" },
    { url = "https://files.pythonhosted.org/packages/75/18/2e8b40223153ccbc60df07f9e8928dc0c76202aa4e55ae9f53962b6510d6/pillow-12.3.0-pp311-pypy311_pp73-macosx_10_15_x86_64.whl", hash = "sha256:b3c777e849237620b022f7f297dd67705f9f5cf1685f09f02e46f93e92725468", size = 5302510, upload-time = "2026-07-01T11:56:25.736Z" },
    { url = "https://files.pythonhosted.org/packages/08/14/f6ba68107680ffa74b39985f3f30884e41318fbc4250caa423c79b4788bb/pillow-12.3.0-pp311-pypy311_pp73-manylinux_2_27_x86_64.manylinux_2_28_x86_64.whl", hash = "sha256:e7e480451b9fa137494bccd3a7d69adbe8ac65a87d97be61e11f1b1050a5bac3", size = 5860358, upload-time = "2026-07-01T11:56:32.68Z" },
]

[[package]]
name = "pluggy"
version = "1.6.0"
source = { registry = "https://pypi.org/simple" }
sdist = { url = "https://files.pythonhosted.org/packages/f9/e2/3e91f31a7d2b083fe6ef3fa267035b518369d9511ffab804f839851d2779/pluggy-1.6.0.tar.gz", hash = "sha256:7dcc130b76258d33b90f61b658791dede3486c3e6bfb003ee5c9bfb396dd22f3", size = 69412, upload-time = "2025-05-15T12:30:07.975Z" }
wheels = [
    { url = "https://files.pythonhosted.org/packages/54/20/4d324d65cc6d9205fabedc306948156824eb9f0ee1633355a8f7ec5c66bf/pluggy-1.6.0-py3-none-any.whl", hash = "sha256:e920276dd6813095e9377c0bc5566d94c932c33b27a3e3945d8389c374dd4746", size = 20538, upload-time = "2025-05-15T12:30:06.134Z" },
]

[[package]]
name = "protobuf"
version = "7.36.0"
source = { registry = "https://pypi.org/simple" }
sdist = { url = "https://files.pythonhosted.org/packages/a7/e7/0553e21d25ca4d9f573135775348a372c3ec34a93a71d5f297c3bac38341/protobuf-7.36.0.tar.gz", hash = "sha256:e8e09cb0d794c6687926fa558a8a6e72aa10edb997d5ca61da0765f12a3e00ea", size = 510034, upload-time = "2026-08-20T16:34:01.071Z" }
wheels = [
    { url = "https://files.pythonhosted.org/packages/8f/ae/58e3ca96cb2e118cc546b677359b3c6659f79a140935c08dec94c7998585/protobuf-7.36.0-cp310-abi3-macosx_10_9_universal2.whl", hash = "sha256:9103532dffd80c6fab7e50c65a31007680a06eb57537d437bb1b35812c138a37", size = 453256, upload-time = "2026-08-20T16:33:53.945Z" },
    { url = "https://files.pythonhosted.org/packages/c7/f8/bd5804695ba400e423c33fd4d9f58c28d86633d5ba1945c36ff3967d98cb/protobuf-7.36.0-cp310-abi3-manylinux2014_x86_64.whl", hash = "sha256:70f5ec8eb0da81a44360c0dc0beac99a0d78071d21956a7076bae8bd2051841b", size = 340439, upload-time = "2026-08-20T16:33:56.992Z" },
    { url = "https://files.pythonhosted.org/packages/01/c3/629999e78d46c1115c11886d51c6bd68c17ce4a944f1ea3e153a91316a33/protobuf-7.36.0-py3-none-any.whl", hash = "sha256:53374d53fc29a67f7dbbf0ade47d7526a0f0137bf0f9c90e48d8a60790ef748c", size = 177024, upload-time = "2026-08-20T16:34:00.053Z" },
]

[[package]]
name = "pygments"
version = "2.21.0"
source = { registry = "https://pypi.org/simple" }
sdist = { url = "https://files.pythonhosted.org/packages/49/2e/ced460408999b33da6b31b0021b0f37d329e202d4169aeb164493778f25b/pygments-2.21.0.tar.gz", hash = "sha256:610ca751c9bc2492b38eb9a38a7fbc93edbbb2d7182edaf34e66ae493dee5c8c", size = 5005329, upload-time = "2026-08-17T08:02:48.824Z" }
wheels = [
    { url = "https://files.pythonhosted.org/packages/71/46/17f022dd3e953bf20a04a028a21ec746d942f8d2af30fa0f124fa0e6a684/pygments-2.21.0-py3-none-any.whl", hash = "sha256:2363c69b61c4a97c838da3b130dcd6468f4848992b21a82f2a63ec34377137d9", size = 1250147, upload-time = "2026-08-17T08:02:44.912Z" },
]

[[package]]
name = "pytest"
version = "9.0.3"
source = { registry = "https://pypi.org/simple" }
dependencies = [
    { name = "iniconfig", marker = "(platform_machine == 'x86_64' and sys_platform == 'darwin') or (platform_machine == 'x86_64' and sys_platform == 'linux')" },
    { name = "packaging", marker = "(platform_machine == 'x86_64' and sys_platform == 'darwin') or (platform_machine == 'x86_64' and sys_platform == 'linux')" },
    { name = "pluggy", marker = "(platform_machine == 'x86_64' and sys_platform == 'darwin') or (platform_machine == 'x86_64' and sys_platform == 'linux')" },
    { name = "pygments", marker = "(platform_machine == 'x86_64' and sys_platform == 'darwin') or (platform_machine == 'x86_64' and sys_platform == 'linux')" },
]
sdist = { url = "https://files.pythonhosted.org/packages/7d/0d/549bd94f1a0a402dc8cf64563a117c0f3765662e2e668477624baeec44d5/pytest-9.0.3.tar.gz", hash = "sha256:b86ada508af81d19edeb213c681b1d48246c1a91d304c6c81a427674c17eb91c", size = 1572165, upload-time = "2026-04-07T17:16:18.027Z" }
wheels = [
    { url = "https://files.pythonhosted.org/packages/d4/24/a372aaf5c9b7208e7112038812994107bc65a84cd00e0354a88c2c77a617/pytest-9.0.3-py3-none-any.whl", hash = "sha256:2c5efc453d45394fdd706ade797c0a81091eccd1d6e4bccfcd476e2b8e0ab5d9", size = 375249, upload-time = "2026-04-07T17:16:16.13Z" },
]

[[package]]
name = "sympy"
version = "1.14.0"
source = { registry = "https://pypi.org/simple" }
dependencies = [
    { name = "mpmath", marker = "(platform_machine == 'x86_64' and sys_platform == 'darwin') or (platform_machine == 'x86_64' and sys_platform == 'linux')" },
]
sdist = { url = "https://files.pythonhosted.org/packages/83/d3/803453b36afefb7c2bb238361cd4ae6125a569b4db67cd9e79846ba2d68c/sympy-1.14.0.tar.gz", hash = "sha256:d3d3fe8df1e5a0b42f0e7bdf50541697dbe7d23746e894990c030e2b05e72517", size = 7793921, upload-time = "2025-04-27T18:05:01.611Z" }
wheels = [
    { url = "https://files.pythonhosted.org/packages/a2/09/77d55d46fd61b4a135c444fc97158ef34a095e5681d0a6c10b75bf356191/sympy-1.14.0-py3-none-any.whl", hash = "sha256:e091cc3e99d2141a0ba2847328f5479b05d94a6635cb96148ccb3f34671bd8f5", size = 6299353, upload-time = "2025-04-27T18:04:59.103Z" },
]

[[package]]
name = "teethsee-ai-service"
version = "0.1.0"
source = { editable = "." }
dependencies = [
    { name = "numpy", marker = "(platform_machine == 'x86_64' and sys_platform == 'darwin') or (platform_machine == 'x86_64' and sys_platform == 'linux')" },
    { name = "onnxruntime", marker = "(platform_machine == 'x86_64' and sys_platform == 'darwin') or (platform_machine == 'x86_64' and sys_platform == 'linux')" },
    { name = "pillow", marker = "(platform_machine == 'x86_64' and sys_platform == 'darwin') or (platform_machine == 'x86_64' and sys_platform == 'linux')" },
]

[package.dev-dependencies]
dev = [
    { name = "pytest", marker = "(platform_machine == 'x86_64' and sys_platform == 'darwin') or (platform_machine == 'x86_64' and sys_platform == 'linux')" },
]

[package.metadata]
requires-dist = [
    { name = "numpy", specifier = "==2.3.5" },
    { name = "onnxruntime", specifier = "==1.22.1" },
    { name = "pillow", specifier = "==12.3.0" },
]

[package.metadata.requires-dev]
dev = [{ name = "pytest", specifier = "==9.0.3" }]
